PODS:
  - AFNetworking (2.5.1):
    - AFNetworking/NSURLConnection (= 2.5.1)
    - AFNetworking/NSURLSession (= 2.5.1)
    - AFNetworking/Reachability (= 2.5.1)
    - AFNetworking/Security (= 2.5.1)
    - AFNetworking/Serialization (= 2.5.1)
    - AFNetworking/UIKit (= 2.5.1)
  - AFNetworking/NSURLConnection (2.5.1):
    - AFNetworking/Reachability
    - AFNetworking/Security
    - AFNetworking/Serialization
  - AFNetworking/NSURLSession (2.5.1):
    - AFNetworking/Reachability
    - AFNetworking/Security
    - AFNetworking/Serialization
  - AFNetworking/Reachability (2.5.1)
  - AFNetworking/Security (2.5.1)
  - AFNetworking/Serialization (2.5.1)
  - AFNetworking/UIKit (2.5.1):
    - AFNetworking/NSURLConnection
    - AFNetworking/NSURLSession
  - BCGenieEffect (1.1)
  - Crashlytics (3.8.4):
    - Fabric (~> 1.6.3)
  - Fabric (1.6.11)
  - FrameAccessor (2.0)
  - MBProgressHUD (1.1.0)
  - MD5Digest (0.1.0)
  - SDWebImage (3.8.1):
    - SDWebImage/Core (= 3.8.1)
  - SDWebImage/Core (3.8.1)
  - SFRoundProgressCounterView (0.0.5):
    - TTTAttributedLabel (~> 1.7.1)
  - SignatureView (1.1.0)
  - SSKeychain (1.2.2)
  - TPKeyboardAvoiding (1.2.6)
  - TTTAttributedLabel (1.7.5)
  - TWRDownloadManager (1.1.1)
  - URBNAlert (1.9.8):
    - URBNConvenience (~> 0.8.2)
  - URBNConvenience (0.8.7)
  - XMLDictionary (1.4)

DEPENDENCIES:
  - AFNetworking
  - BCGenieEffect
  - Crashlytics
  - Fabric
  - FrameAccessor
  - MBProgressHUD (~> 1.1.0)
  - MD5Digest
  - SDWebImage (~> 3.8)
  - SFRoundProgressCounterView
  - SignatureView
  - SSKeychain
  - TPKeyboardAvoiding
  - TWRDownloadManager
  - URBNAlert (~> 1.9.7)
  - XMLDictionary

SPEC CHECKSUMS:
  AFNetworking: 10e85a00bb0f475124e4ff2677bf15693b2c1523
  BCGenieEffect: 3efb235716f121caa6b26040bfd0ae11e1bae4b4
  Crashlytics: 79e236942ca1e7fc641df1feb9a275360a78ab6a
  Fabric: 5911403591946b8228ab1c51d98f1d7137e863c6
  FrameAccessor: 443a13e58e23a10ff22180da0897b28c3f6abf66
  MBProgressHUD: e7baa36a220447d8aeb12769bf0585582f3866d9
  MD5Digest: 99bcccfc389c5b7a0edaf66beb80fbc7596a3b65
  SDWebImage: 35f9627a3e44b4f292a8a8ce6a531fa488239b91
  SFRoundProgressCounterView: 9b94f5297ce6bb8c633af9c1e583889864595cfa
  SignatureView: 23bb085add66110062decbfa899ed93d111b76e5
  SSKeychain: 88767e903ee8d274ed380e364d96b7a101235286
  TPKeyboardAvoiding: ee4dd35e3bb7bb64bfbda47e7cc9ba872ff10f77
  TTTAttributedLabel: 19f03d496810ab0706c392a297c6d49fe173bac4
  TWRDownloadManager: 34193d7d1ab6e6b4243d74fa4f686cc2ed5ef40f
  URBNAlert: 5fcc2676e9f9d03699683633894e06ba793bb837
  URBNConvenience: 043eb5f7cc0825cc94fcb4535f91fd27f22ec8de
  XMLDictionary: f9f51601ba76678b594ab485f2b00ec1fed23724

PODFILE CHECKSUM: 1c841f6a277fe0d9fb889741ea4b8d9f334a87f4

COCOAPODS: 1.3.1
